
Microsoft Visual Studio Solution File, Format Version 12.00
# Visual Studio 15
VisualStudioVersion = 15.0.27428.2015
MinimumVisualStudioVersion = 10.0.40219.1
Project("{2150E333-8FDC-42A3-9474-1A3956D46DE8}") = "CreatePatterns", "CreatePatterns", "{40E504AB-1483-4A57-882C-A736FF5B7E3C}"
EndProject
Project("{2150E333-8FDC-42A3-9474-1A3956D46DE8}") = "StructurePatterns", "StructurePatterns", "{EB426AC4-F584-4997-9C32-BF01A110133F}"
EndProject
Project("{2150E333-8FDC-42A3-9474-1A3956D46DE8}") = "BehaviorPatterns", "BehaviorPatterns", "{E40E3345-7362-45AC-B8F9-DC8F1C16F22B}"
EndProject
Project("{FAE04EC0-301F-11D3-BF4B-00C04F79EFBC}") = "SingletonPattern", "CreatePattern\SingletonPattern\SingletonPattern.csproj", "{89AF4B3E-1417-4C07-A5D4-4C9C41B41857}"
EndProject
Global
	GlobalSection(SolutionConfigurationPlatforms) = preSolution
		Debug|Any CPU = Debug|Any CPU
		Release|Any CPU = Release|Any CPU
	EndGlobalSection
	GlobalSection(ProjectConfigurationPlatforms) = postSolution
		{89AF4B3E-1417-4C07-A5D4-4C9C41B41857}.Debug|Any CPU.ActiveCfg = Debug|Any CPU
		{89AF4B3E-1417-4C07-A5D4-4C9C41B41857}.Debug|Any CPU.Build.0 = Debug|Any CPU
		{89AF4B3E-1417-4C07-A5D4-4C9C41B41857}.Release|Any CPU.ActiveCfg = Release|Any CPU
		{89AF4B3E-1417-4C07-A5D4-4C9C41B41857}.Release|Any CPU.Build.0 = Release|Any CPU
	EndGlobalSection
	GlobalSection(SolutionProperties) = preSolution
		HideSolutionNode = FALSE
	EndGlobalSection
	GlobalSection(NestedProjects) = preSolution
		{89AF4B3E-1417-4C07-A5D4-4C9C41B41857} = {40E504AB-1483-4A57-882C-A736FF5B7E3C}
	EndGlobalSection
	GlobalSection(ExtensibilityGlobals) = postSolution
		SolutionGuid = {8DB17F74-9009-47D4-95E8-1FA7A13A3C5E}
	EndGlobalSection
EndGlobal
